
Microsoft Visual Studio Solution File, Format Version 12.00
# Visual Studio 15
VisualStudioVersion = 15.0.28307.757
MinimumVisualStudioVersion = 10.0.40219.1
Project("{FAE04EC0-301F-11D3-BF4B-00C04F79EFBC}") = "chocolatePrediction", "chocolatePrediction\chocolatePrediction.csproj", "{9CBF4275-55B8-43EA-AC9B-A4E0AF234FFF}"
EndProject
Global
	GlobalSection(SolutionConfigurationPlatforms) = preSolution
		Debug|Any CPU = Debug|Any CPU
		Release|Any CPU = Release|Any CPU
	EndGlobalSection
	GlobalSection(ProjectConfigurationPlatforms) = postSolution
		{9CBF4275-55B8-43EA-AC9B-A4E0AF234FFF}.Debug|Any CPU.ActiveCfg = Debug|Any CPU
		{9CBF4275-55B8-43EA-AC9B-A4E0AF234FFF}.Debug|Any CPU.Build.0 = Debug|Any CPU
		{9CBF4275-55B8-43EA-AC9B-A4E0AF234FFF}.Release|Any CPU.ActiveCfg = Release|Any CPU
		{9CBF4275-55B8-43EA-AC9B-A4E0AF234FFF}.Release|Any CPU.Build.0 = Release|Any CPU
	EndGlobalSection
	GlobalSection(SolutionProperties) = preSolution
		HideSolutionNode = FALSE
	EndGlobalSection
	GlobalSection(ExtensibilityGlobals) = postSolution
		SolutionGuid = {E99D3DD7-E0C8-46CE-BC8B-695E03B62FE4}
	EndGlobalSection
EndGlobal
